
Microsoft Visual Studio Solution File, Format Version 12.00
# Visual Studio Version 17
VisualStudioVersion = 17.10.35004.147
MinimumVisualStudioVersion = 10.0.40219.1
Project("{FAE04EC0-301F-11D3-BF4B-00C04F79EFBC}") = "final_project_aspdotnet_web_api", "final_project_aspdotnet_web_api\final_project_aspdotnet_web_api.csproj", "{3FC12438-457D-421B-AD9D-04AEB0DDEEEF}"
EndProject
Global
	GlobalSection(SolutionConfigurationPlatforms) = preSolution
		Debug|Any CPU = Debug|Any CPU
		Release|Any CPU = Release|Any CPU
	EndGlobalSection
	GlobalSection(ProjectConfigurationPlatforms) = postSolution
		{3FC12438-457D-421B-AD9D-04AEB0DDEEEF}.Debug|Any CPU.ActiveCfg = Debug|Any CPU
		{3FC12438-457D-421B-AD9D-04AEB0DDEEEF}.Debug|Any CPU.Build.0 = Debug|Any CPU
		{3FC12438-457D-421B-AD9D-04AEB0DDEEEF}.Release|Any CPU.ActiveCfg = Release|Any CPU
		{3FC12438-457D-421B-AD9D-04AEB0DDEEEF}.Release|Any CPU.Build.0 = Release|Any CPU
	EndGlobalSection
	GlobalSection(SolutionProperties) = preSolution
		HideSolutionNode = FALSE
	EndGlobalSection
	GlobalSection(ExtensibilityGlobals) = postSolution
		SolutionGuid = {DF358D6A-FD15-4928-99E1-9546B1B48D19}
	EndGlobalSection
EndGlobal
